// !$*UTF8*$!
{
	archiveVersion = 1;
	classes = {
	};
	objectVersion = 56;
	objects = {

/* Begin PBXBuildFile section */
		A17148AE2CBD8DB40082C494 /* Assets.xcassets in Resources */ = {isa = PBXBuildFile; fileRef = A17148AD2CBD8DB40082C494 /* Assets.xcassets */; };
		A17148B12CBD8DB40082C494 /* Main.storyboard in Resources */ = {isa = PBXBuildFile; fileRef = A17148AF2CBD8DB40082C494 /* Main.storyboard */; };
		A17148C22CBD90E30082C494 /* main.exe in CopyFiles */ = {isa = PBXBuildFile; fileRef = A17148C12CBD90E30082C494 /* main.exe */; settings = {ATTRIBUTES = (CodeSignOnCopy, ); }; };
/* End PBXBuildFile section */

/* Begin PBXContainerItemProxy section */
		A17148BE2CBD8FD00082C494 /* PBXContainerItemProxy */ = {
			isa = PBXContainerItemProxy;
			containerPortal = A171489C2CBD8DB30082C494 /* Project object */;
			proxyType = 1;
			remoteGlobalIDString = A17148BA2CBD8E510082C494;
			remoteInfo = Main;
		};
/* End PBXContainerItemProxy section */

/* Begin PBXCopyFilesBuildPhase section */
		A17148C02CBD90540082C494 /* CopyFiles */ = {
			isa = PBXCopyFilesBuildPhase;
			buildActionMask = 2147483647;
			dstPath = "";
			dstSubfolderSpec = 6;
			files = (
				A17148C22CBD90E30082C494 /* main.exe in CopyFiles */,
			);
			runOnlyForDeploymentPostprocessing = 0;
		};
/* End PBXCopyFilesBuildPhase section */

/* Begin PBXFileReference section */
		A17148A42CBD8DB30082C494 /* CamlMac.app */ = {isa = PBXFileReference; explicitFileType = wrapper.application; includeInIndex = 0; path = CamlMac.app; sourceTree = BUILT_PRODUCTS_DIR; };
		A17148AD2CBD8DB40082C494 /* Assets.xcassets */ = {isa = PBXFileReference; lastKnownFileType = folder.assetcatalog; path = Assets.xcassets; sourceTree = "<group>"; };
		A17148B02CBD8DB40082C494 /* Base */ = {isa = PBXFileReference; lastKnownFileType = file.storyboard; name = Base; path = Base.lproj/Main.storyboard; sourceTree = "<group>"; };
		A17148B42CBD8DB40082C494 /* CamlMac.entitlements */ = {isa = PBXFileReference; lastKnownFileType = text.plist.entitlements; path = CamlMac.entitlements; sourceTree = "<group>"; };
		A17148C12CBD90E30082C494 /* main.exe */ = {isa = PBXFileReference; lastKnownFileType = "compiled.mach-o.executable"; name = main.exe; path = Main/_build/default/bin/main.exe; sourceTree = "<group>"; };
/* End PBXFileReference section */

/* Begin PBXFrameworksBuildPhase section */
		A17148A12CBD8DB30082C494 /* Frameworks */ = {
			isa = PBXFrameworksBuildPhase;
			buildActionMask = 2147483647;
			files = (
			);
			runOnlyForDeploymentPostprocessing = 0;
		};
/* End PBXFrameworksBuildPhase section */

/* Begin PBXGroup section */
		A171489B2CBD8DB30082C494 = {
			isa = PBXGroup;
			children = (
				A17148C12CBD90E30082C494 /* main.exe */,
				A17148A62CBD8DB30082C494 /* CamlMac */,
				A17148A52CBD8DB30082C494 /* Products */,
			);
			sourceTree = "<group>";
		};
		A17148A52CBD8DB30082C494 /* Products */ = {
			isa = PBXGroup;
			children = (
				A17148A42CBD8DB30082C494 /* CamlMac.app */,
			);
			name = Products;
			sourceTree = "<group>";
		};
		A17148A62CBD8DB30082C494 /* CamlMac */ = {
			isa = PBXGroup;
			children = (
				A17148AD2CBD8DB40082C494 /* Assets.xcassets */,
				A17148AF2CBD8DB40082C494 /* Main.storyboard */,
				A17148B42CBD8DB40082C494 /* CamlMac.entitlements */,
			);
			path = CamlMac;
			sourceTree = "<group>";
		};
/* End PBXGroup section */

/* Begin PBXLegacyTarget section */
		A17148BA2CBD8E510082C494 /* Main */ = {
			isa = PBXLegacyTarget;
			buildArgumentsString = "$(ACTION)";
			buildConfigurationList = A17148BB2CBD8E510082C494 /* Build configuration list for PBXLegacyTarget "Main" */;
			buildPhases = (
			);
			buildToolPath = /usr/bin/make;
			buildWorkingDirectory = "$(SRCROOT)/Main";
			dependencies = (
			);
			name = Main;
			passBuildSettingsInEnvironment = 1;
			productName = Main;
		};
/* End PBXLegacyTarget section */

/* Begin PBXNativeTarget section */
		A17148A32CBD8DB30082C494 /* CamlMac */ = {
			isa = PBXNativeTarget;
			buildConfigurationList = A17148B72CBD8DB40082C494 /* Build configuration list for PBXNativeTarget "CamlMac" */;
			buildPhases = (
				A17148A02CBD8DB30082C494 /* Sources */,
				A17148A12CBD8DB30082C494 /* Frameworks */,
				A17148A22CBD8DB30082C494 /* Resources */,
				A17148C02CBD90540082C494 /* CopyFiles */,
			);
			buildRules = (
			);
			dependencies = (
				A17148BF2CBD8FD00082C494 /* PBXTargetDependency */,
			);
			name = CamlMac;
			productName = CamlMac;
			productReference = A17148A42CBD8DB30082C494 /* CamlMac.app */;
			productType = "com.apple.product-type.application";
		};
/* End PBXNativeTarget section */

/* Begin PBXProject section */
		A171489C2CBD8DB30082C494 /* Project object */ = {
			isa = PBXProject;
			attributes = {
				BuildIndependentTargetsInParallel = 1;
				LastUpgradeCheck = 1420;
				TargetAttributes = {
					A17148A32CBD8DB30082C494 = {
						CreatedOnToolsVersion = 14.2;
					};
					A17148BA2CBD8E510082C494 = {
						CreatedOnToolsVersion = 14.2;
					};
				};
			};
			buildConfigurationList = A171489F2CBD8DB30082C494 /* Build configuration list for PBXProject "CamlMac" */;
			compatibilityVersion = "Xcode 14.0";
			developmentRegion = en;
			hasScannedForEncodings = 0;
			knownRegions = (
				en,
				Base,
			);
			mainGroup = A171489B2CBD8DB30082C494;
			productRefGroup = A17148A52CBD8DB30082C494 /* Products */;
			projectDirPath = "";
			projectRoot = "";
			targets = (
				A17148A32CBD8DB30082C494 /* CamlMac */,
				A17148BA2CBD8E510082C494 /* Main */,
			);
		};
/* End PBXProject section */

/* Begin PBXResourcesBuildPhase section */
		A17148A22CBD8DB30082C494 /* Resources */ = {
			isa = PBXResourcesBuildPhase;
			buildActionMask = 2147483647;
			files = (
				A17148AE2CBD8DB40082C494 /* Assets.xcassets in Resources */,
				A17148B12CBD8DB40082C494 /* Main.storyboard in Resources */,
			);
			runOnlyForDeploymentPostprocessing = 0;
		};
/* End PBXResourcesBuildPhase section */

/* Begin PBXSourcesBuildPhase section */
		A17148A02CBD8DB30082C494 /* Sources */ = {
			isa = PBXSourcesBuildPhase;
			buildActionMask = 2147483647;
			files = (
			);
			runOnlyForDeploymentPostprocessing = 0;
		};
/* End PBXSourcesBuildPhase section */

/* Begin PBXTargetDependency section */
		A17148BF2CBD8FD00082C494 /* PBXTargetDependency */ = {
			isa = PBXTargetDependency;
			target = A17148BA2CBD8E510082C494 /* Main */;
			targetProxy = A17148BE2CBD8FD00082C494 /* PBXContainerItemProxy */;
		};
/* End PBXTargetDependency section */

/* Begin PBXVariantGroup section */
		A17148AF2CBD8DB40082C494 /* Main.storyboard */ = {
			isa = PBXVariantGroup;
			children = (
				A17148B02CBD8DB40082C494 /* Base */,
			);
			name = Main.storyboard;
			sourceTree = "<group>";
		};
/* End PBXVariantGroup section */

/* Begin XCBuildConfiguration section */
		A17148B52CBD8DB40082C494 /* Debug */ = {
			isa = XCBuildConfiguration;
			buildSettings = {
				ALWAYS_SEARCH_USER_PATHS = NO;
				CLANG_ANALYZER_NONNULL = YES;
				CLANG_ANALYZER_NUMBER_OBJECT_CONVERSION = YES_AGGRESSIVE;
				CLANG_CXX_LANGUAGE_STANDARD = "gnu++20";
				CLANG_ENABLE_MODULES = YES;
				CLANG_ENABLE_OBJC_ARC = YES;
				CLANG_ENABLE_OBJC_WEAK = YES;
				CLANG_WARN_BLOCK_CAPTURE_AUTORELEASING = YES;
				CLANG_WARN_BOOL_CONVERSION = YES;
				CLANG_WARN_COMMA = YES;
				CLANG_WARN_CONSTANT_CONVERSION = YES;
				CLANG_WARN_DEPRECATED_OBJC_IMPLEMENTATIONS = YES;
				CLANG_WARN_DIRECT_OBJC_ISA_USAGE = YES_ERROR;
				CLANG_WARN_DOCUMENTATION_COMMENTS = YES;
				CLANG_WARN_EMPTY_BODY = YES;
				CLANG_WARN_ENUM_CONVERSION = YES;
				CLANG_WARN_INFINITE_RECURSION = YES;
				CLANG_WARN_INT_CONVERSION = YES;
				CLANG_WARN_NON_LITERAL_NULL_CONVERSION = YES;
				CLANG_WARN_OBJC_IMPLICIT_RETAIN_SELF = YES;
				CLANG_WARN_OBJC_LITERAL_CONVERSION = YES;
				CLANG_WARN_OBJC_ROOT_CLASS = YES_ERROR;
				CLANG_WARN_QUOTED_INCLUDE_IN_FRAMEWORK_HEADER = YES;
				CLANG_WARN_RANGE_LOOP_ANALYSIS = YES;
				CLANG_WARN_STRICT_PROTOTYPES = YES;
				CLANG_WARN_SUSPICIOUS_MOVE = YES;
				CLANG_WARN_UNGUARDED_AVAILABILITY = YES_AGGRESSIVE;
				CLANG_WARN_UNREACHABLE_CODE = YES;
				CLANG_WARN__DUPLICATE_METHOD_MATCH = YES;
				COPY_PHASE_STRIP = NO;
				DEBUG_INFORMATION_FORMAT = dwarf;
				ENABLE_STRICT_OBJC_MSGSEND = YES;
				ENABLE_TESTABILITY = YES;
				GCC_C_LANGUAGE_STANDARD = gnu11;
				GCC_DYNAMIC_NO_PIC = NO;
				GCC_NO_COMMON_BLOCKS = YES;
				GCC_OPTIMIZATION_LEVEL = 0;
				GCC_PREPROCESSOR_DEFINITIONS = (
					"DEBUG=1",
					"$(inherited)",
				);
				GCC_WARN_64_TO_32_BIT_CONVERSION = YES;
				GCC_WARN_ABOUT_RETURN_TYPE = YES_ERROR;
				GCC_WARN_UNDECLARED_SELECTOR = YES;
				GCC_WARN_UNINITIALIZED_AUTOS = YES_AGGRESSIVE;
				GCC_WARN_UNUSED_FUNCTION = YES;
				GCC_WARN_UNUSED_VARIABLE = YES;
				MACOSX_DEPLOYMENT_TARGET = 12.7;
				MTL_ENABLE_DEBUG_INFO = INCLUDE_SOURCE;
				MTL_FAST_MATH = YES;
				ONLY_ACTIVE_ARCH = YES;
				SDKROOT = macosx;
			};
			name = Debug;
		};
		A17148B62CBD8DB40082C494 /* Release */ = {
			isa = XCBuildConfiguration;
			buildSettings = {
				ALWAYS_SEARCH_USER_PATHS = NO;
				CLANG_ANALYZER_NONNULL = YES;
				CLANG_ANALYZER_NUMBER_OBJECT_CONVERSION = YES_AGGRESSIVE;
				CLANG_CXX_LANGUAGE_STANDARD = "gnu++20";
				CLANG_ENABLE_MODULES = YES;
				CLANG_ENABLE_OBJC_ARC = YES;
				CLANG_ENABLE_OBJC_WEAK = YES;
				CLANG_WARN_BLOCK_CAPTURE_AUTORELEASING = YES;
				CLANG_WARN_BOOL_CONVERSION = YES;
				CLANG_WARN_COMMA = YES;
				CLANG_WARN_CONSTANT_CONVERSION = YES;
				CLANG_WARN_DEPRECATED_OBJC_IMPLEMENTATIONS = YES;
				CLANG_WARN_DIRECT_OBJC_ISA_USAGE = YES_ERROR;
				CLANG_WARN_DOCUMENTATION_COMMENTS = YES;
				CLANG_WARN_EMPTY_BODY = YES;
				CLANG_WARN_ENUM_CONVERSION = YES;
				CLANG_WARN_INFINITE_RECURSION = YES;
				CLANG_WARN_INT_CONVERSION = YES;
				CLANG_WARN_NON_LITERAL_NULL_CONVERSION = YES;
				CLANG_WARN_OBJC_IMPLICIT_RETAIN_SELF = YES;
				CLANG_WARN_OBJC_LITERAL_CONVERSION = YES;
				CLANG_WARN_OBJC_ROOT_CLASS = YES_ERROR;
				CLANG_WARN_QUOTED_INCLUDE_IN_FRAMEWORK_HEADER = YES;
				CLANG_WARN_RANGE_LOOP_ANALYSIS = YES;
				CLANG_WARN_STRICT_PROTOTYPES = YES;
				CLANG_WARN_SUSPICIOUS_MOVE = YES;
				CLANG_WARN_UNGUARDED_AVAILABILITY = YES_AGGRESSIVE;
				CLANG_WARN_UNREACHABLE_CODE = YES;
				CLANG_WARN__DUPLICATE_METHOD_MATCH = YES;
				COPY_PHASE_STRIP = NO;
				DEBUG_INFORMATION_FORMAT = "dwarf-with-dsym";
				ENABLE_NS_ASSERTIONS = NO;
				ENABLE_STRICT_OBJC_MSGSEND = YES;
				GCC_C_LANGUAGE_STANDARD = gnu11;
				GCC_NO_COMMON_BLOCKS = YES;
				GCC_WARN_64_TO_32_BIT_CONVERSION = YES;
				GCC_WARN_ABOUT_RETURN_TYPE = YES_ERROR;
				GCC_WARN_UNDECLARED_SELECTOR = YES;
				GCC_WARN_UNINITIALIZED_AUTOS = YES_AGGRESSIVE;
				GCC_WARN_UNUSED_FUNCTION = YES;
				GCC_WARN_UNUSED_VARIABLE = YES;
				MACOSX_DEPLOYMENT_TARGET = 12.7;
				MTL_ENABLE_DEBUG_INFO = NO;
				MTL_FAST_MATH = YES;
				SDKROOT = macosx;
			};
			name = Release;
		};
		A17148B82CBD8DB40082C494 /* Debug */ = {
			isa = XCBuildConfiguration;
			buildSettings = {
				ASSETCATALOG_COMPILER_APPICON_NAME = AppIcon;
				ASSETCATALOG_COMPILER_GLOBAL_ACCENT_COLOR_NAME = AccentColor;
				CODE_SIGN_ENTITLEMENTS = CamlMac/CamlMac.entitlements;
				CODE_SIGN_STYLE = Automatic;
				COMBINE_HIDPI_IMAGES = YES;
				CURRENT_PROJECT_VERSION = 1;
				EXECUTABLE_NAME = main.exe;
				GENERATE_INFOPLIST_FILE = YES;
				INFOPLIST_KEY_NSHumanReadableCopyright = "";
				INFOPLIST_KEY_NSMainStoryboardFile = Main;
				INFOPLIST_KEY_NSPrincipalClass = NSApplication;
				LD_RUNPATH_SEARCH_PATHS = (
					"$(inherited)",
					"@executable_path/../Frameworks",
				);
				MACOSX_DEPLOYMENT_TARGET = 12.0;
				MARKETING_VERSION = 1.0;
				PRODUCT_BUNDLE_IDENTIFIER = github.username.CamlMac;
				PRODUCT_NAME = "$(TARGET_NAME)";
				SWIFT_EMIT_LOC_STRINGS = YES;
			};
			name = Debug;
		};
		A17148B92CBD8DB40082C494 /* Release */ = {
			isa = XCBuildConfiguration;
			buildSettings = {
				ASSETCATALOG_COMPILER_APPICON_NAME = AppIcon;
				ASSETCATALOG_COMPILER_GLOBAL_ACCENT_COLOR_NAME = AccentColor;
				CODE_SIGN_ENTITLEMENTS = CamlMac/CamlMac.entitlements;
				CODE_SIGN_STYLE = Automatic;
				COMBINE_HIDPI_IMAGES = YES;
				CURRENT_PROJECT_VERSION = 1;
				EXECUTABLE_NAME = main.exe;
				GENERATE_INFOPLIST_FILE = YES;
				INFOPLIST_KEY_NSHumanReadableCopyright = "";
				INFOPLIST_KEY_NSMainStoryboardFile = Main;
				INFOPLIST_KEY_NSPrincipalClass = NSApplication;
				LD_RUNPATH_SEARCH_PATHS = (
					"$(inherited)",
					"@executable_path/../Frameworks",
				);
				MACOSX_DEPLOYMENT_TARGET = 12.0;
				MARKETING_VERSION = 1.0;
				PRODUCT_BUNDLE_IDENTIFIER = github.username.CamlMac;
				PRODUCT_NAME = "$(TARGET_NAME)";
				SWIFT_EMIT_LOC_STRINGS = YES;
			};
			name = Release;
		};
		A17148BC2CBD8E510082C494 /* Debug */ = {
			isa = XCBuildConfiguration;
			buildSettings = {
				CODE_SIGN_STYLE = Automatic;
				DEBUGGING_SYMBOLS = YES;
				DEBUG_INFORMATION_FORMAT = dwarf;
				GCC_GENERATE_DEBUGGING_SYMBOLS = YES;
				GCC_OPTIMIZATION_LEVEL = 0;
				OTHER_CFLAGS = "";
				OTHER_LDFLAGS = "";
				PRODUCT_NAME = "$(TARGET_NAME)";
			};
			name = Debug;
		};
		A17148BD2CBD8E510082C494 /* Release */ = {
			isa = XCBuildConfiguration;
			buildSettings = {
				CODE_SIGN_STYLE = Automatic;
				DEBUG_INFORMATION_FORMAT = "dwarf-with-dsym";
				OTHER_CFLAGS = "";
				OTHER_LDFLAGS = "";
				PRODUCT_NAME = "$(TARGET_NAME)";
			};
			name = Release;
		};
/* End XCBuildConfiguration section */

/* Begin XCConfigurationList section */
		A171489F2CBD8DB30082C494 /* Build configuration list for PBXProject "CamlMac" */ = {
			isa = XCConfigurationList;
			buildConfigurations = (
				A17148B52CBD8DB40082C494 /* Debug */,
				A17148B62CBD8DB40082C494 /* Release */,
			);
			defaultConfigurationIsVisible = 0;
			defaultConfigurationName = Release;
		};
		A17148B72CBD8DB40082C494 /* Build configuration list for PBXNativeTarget "CamlMac" */ = {
			isa = XCConfigurationList;
			buildConfigurations = (
				A17148B82CBD8DB40082C494 /* Debug */,
				A17148B92CBD8DB40082C494 /* Release */,
			);
			defaultConfigurationIsVisible = 0;
			defaultConfigurationName = Release;
		};
		A17148BB2CBD8E510082C494 /* Build configuration list for PBXLegacyTarget "Main" */ = {
			isa = XCConfigurationList;
			buildConfigurations = (
				A17148BC2CBD8E510082C494 /* Debug */,
				A17148BD2CBD8E510082C494 /* Release */,
			);
			defaultConfigurationIsVisible = 0;
			defaultConfigurationName = Release;
		};
/* End XCConfigurationList section */
	};
	rootObject = A171489C2CBD8DB30082C494 /* Project object */;
}
